{
  "name": "fantasy-football-simulator",
  "version": "1.0.0",
  "lockfileVersion": 1,
  "requires": true,
  "dependencies": {
    "decimal-to-percent": {
      "version": "1.0.1",
      "resolved": "https://registry.npmjs.org/decimal-to-percent/-/decimal-to-percent-1.0.1.tgz",
      "integrity": "sha1-+RW2mWPmOLe723x0kCrZjDndQrA=",
      "requires": {
        "precision": "~1.0.1",
        "round-precision": "~1.0.0"
      }
    },
    "gaussian": {
      "version": "1.1.0",
      "resolved": "https://registry.npmjs.org/gaussian/-/gaussian-1.1.0.tgz",
      "integrity": "sha1-bRN6CX1Nv8ILUvsctdYcRwDt13E="
    },
    "is-finite": {
      "version": "1.0.2",
      "resolved": "https://registry.npmjs.org/is-finite/-/is-finite-1.0.2.tgz",
      "integrity": "sha1-zGZ3aVYCvlUO8R6LSqYwU0K20Ko=",
      "requires": {
        "number-is-nan": "^1.0.0"
      }
    },
    "is-integer": {
      "version": "1.0.7",
      "resolved": "https://registry.npmjs.org/is-integer/-/is-integer-1.0.7.tgz",
      "integrity": "sha1-a96Bqs3feLZZtmKdYpytxRqIbVw=",
      "requires": {
        "is-finite": "^1.0.0"
      }
    },
    "lodash": {
      "version": "4.17.19",
      "resolved": "https://registry.npmjs.org/lodash/-/lodash-4.17.19.tgz",
      "integrity": "sha512-JNvd8XER9GQX0v2qJgsaN/mzFCNA5BRe/j8JN9d+tWyGLSodKQHKFicdwNYzWwI3wjRnaKPsGj1XkBjx/F96DQ=="
    },
    "number-is-nan": {
      "version": "1.0.1",
      "resolved": "https://registry.npmjs.org/number-is-nan/-/number-is-nan-1.0.1.tgz",
      "integrity": "sha1-CXtgK1NCKlIsGvuHkDGDNpQaAR0="
    },
    "parse-exponential": {
      "version": "1.0.1",
      "resolved": "https://registry.npmjs.org/parse-exponential/-/parse-exponential-1.0.1.tgz",
      "integrity": "sha1-3fgYHEVKmksTF2U4HvpD9cHGEBk="
    },
    "precision": {
      "version": "1.0.1",
      "resolved": "https://registry.npmjs.org/precision/-/precision-1.0.1.tgz",
      "integrity": "sha1-XPSJudShFHANMAR5y4udhaUCz+g=",
      "requires": {
        "is-finite": "~1.0.1",
        "parse-exponential": "~1.0.1"
      }
    },
    "round-precision": {
      "version": "1.0.0",
      "resolved": "https://registry.npmjs.org/round-precision/-/round-precision-1.0.0.tgz",
      "integrity": "sha1-9aK+t+1Z5v6FMS+/VTdpEC6o9k8=",
      "requires": {
        "is-finite": "~1.0.1",
        "is-integer": "~1.0.4"
      }
    }
  }
}
